// !$*UTF8*$!
{
	archiveVersion = 1;
	classes = {
	};
	objectVersion = 46;
	objects = {

/* Begin PBXBuildFile section */
		B277660F1DA5492C0022F69E /* main.m in Sources */ = {isa = PBXBuildFile; fileRef = B277660E1DA5492C0022F69E /* main.m */; };
		B27766121DA5492C0022F69E /* AppDelegate.m in Sources */ = {isa = PBXBuildFile; fileRef = B27766111DA5492C0022F69E /* AppDelegate.m */; };
		B27766181DA5492C0022F69E /* Main.storyboard in Resources */ = {isa = PBXBuildFile; fileRef = B27766161DA5492C0022F69E /* Main.storyboard */; };
		B277661A1DA5492C0022F69E /* Assets.xcassets in Resources */ = {isa = PBXBuildFile; fileRef = B27766191DA5492C0022F69E /* Assets.xcassets */; };
		B277661D1DA5492C0022F69E /* LaunchScreen.storyboard in Resources */ = {isa = PBXBuildFile; fileRef = B277661B1DA5492C0022F69E /* LaunchScreen.storyboard */; };
		B277662B1DA576500022F69E /* TasksTableViewController.m in Sources */ = {isa = PBXBuildFile; fileRef = B277662A1DA576500022F69E /* TasksTableViewController.m */; };
		B277662E1DA57B800022F69E /* task.m in Sources */ = {isa = PBXBuildFile; fileRef = B277662D1DA57B800022F69E /* task.m */; };
		B27766311DA6B2130022F69E /* SwitchView.m in Sources */ = {isa = PBXBuildFile; fileRef = B27766301DA6B2130022F69E /* SwitchView.m */; };
/* End PBXBuildFile section */

/* Begin PBXFileReference section */
		B277660A1DA5492C0022F69E /* tableview.app */ = {isa = PBXFileReference; explicitFileType = wrapper.application; includeInIndex = 0; path = tableview.app; sourceTree = BUILT_PRODUCTS_DIR; };
		B277660E1DA5492C0022F69E /* main.m */ = {isa = PBXFileReference; lastKnownFileType = sourcecode.c.objc; path = main.m; sourceTree = "<group>"; };
		B27766101DA5492C0022F69E /* AppDelegate.h */ = {isa = PBXFileReference; lastKnownFileType = sourcecode.c.h; path = AppDelegate.h; sourceTree = "<group>"; };
		B27766111DA5492C0022F69E /* AppDelegate.m */ = {isa = PBXFileReference; lastKnownFileType = sourcecode.c.objc; path = AppDelegate.m; sourceTree = "<group>"; };
		B27766171DA5492C0022F69E /* Base */ = {isa = PBXFileReference; lastKnownFileType = file.storyboard; name = Base; path = Base.lproj/Main.storyboard; sourceTree = "<group>"; };
		B27766191DA5492C0022F69E /* Assets.xcassets */ = {isa = PBXFileReference; lastKnownFileType = folder.assetcatalog; path = Assets.xcassets; sourceTree = "<group>"; };
		B277661C1DA5492C0022F69E /* Base */ = {isa = PBXFileReference; lastKnownFileType = file.storyboard; name = Base; path = Base.lproj/LaunchScreen.storyboard; sourceTree = "<group>"; };
		B277661E1DA5492C0022F69E /* Info.plist */ = {isa = PBXFileReference; lastKnownFileType = text.plist.xml; path = Info.plist; sourceTree = "<group>"; };
		B27766291DA576500022F69E /* TasksTableViewController.h */ = {isa = PBXFileReference; fileEncoding = 4; lastKnownFileType = sourcecode.c.h; path = TasksTableViewController.h; sourceTree = "<group>"; };
		B277662A1DA576500022F69E /* TasksTableViewController.m */ = {isa = PBXFileReference; fileEncoding = 4; lastKnownFileType = sourcecode.c.objc; path = TasksTableViewController.m; sourceTree = "<group>"; };
		B277662C1DA57B800022F69E /* task.h */ = {isa = PBXFileReference; fileEncoding = 4; lastKnownFileType = sourcecode.c.h; path = task.h; sourceTree = "<group>"; };
		B277662D1DA57B800022F69E /* task.m */ = {isa = PBXFileReference; fileEncoding = 4; lastKnownFileType = sourcecode.c.objc; path = task.m; sourceTree = "<group>"; };
		B277662F1DA6B2130022F69E /* SwitchView.h */ = {isa = PBXFileReference; fileEncoding = 4; lastKnownFileType = sourcecode.c.h; path = SwitchView.h; sourceTree = "<group>"; };
		B27766301DA6B2130022F69E /* SwitchView.m */ = {isa = PBXFileReference; fileEncoding = 4; lastKnownFileType = sourcecode.c.objc; path = SwitchView.m; sourceTree = "<group>"; };
/* End PBXFileReference section */

/* Begin PBXFrameworksBuildPhase section */
		B27766071DA5492C0022F69E /* Frameworks */ = {
			isa = PBXFrameworksBuildPhase;
			buildActionMask = 2147483647;
			files = (
			);
			runOnlyForDeploymentPostprocessing = 0;
		};
/* End PBXFrameworksBuildPhase section */

/* Begin PBXGroup section */
		B27766011DA5492C0022F69E = {
			isa = PBXGroup;
			children = (
				B277660C1DA5492C0022F69E /* tableview */,
				B277660B1DA5492C0022F69E /* Products */,
			);
			sourceTree = "<group>";
		};
		B277660B1DA5492C0022F69E /* Products */ = {
			isa = PBXGroup;
			children = (
				B277660A1DA5492C0022F69E /* tableview.app */,
			);
			name = Products;
			sourceTree = "<group>";
		};
		B277660C1DA5492C0022F69E /* tableview */ = {
			isa = PBXGroup;
			children = (
				B27766101DA5492C0022F69E /* AppDelegate.h */,
				B27766111DA5492C0022F69E /* AppDelegate.m */,
				B27766291DA576500022F69E /* TasksTableViewController.h */,
				B277662A1DA576500022F69E /* TasksTableViewController.m */,
				B277662F1DA6B2130022F69E /* SwitchView.h */,
				B27766301DA6B2130022F69E /* SwitchView.m */,
				B277662C1DA57B800022F69E /* task.h */,
				B277662D1DA57B800022F69E /* task.m */,
				B27766161DA5492C0022F69E /* Main.storyboard */,
				B27766191DA5492C0022F69E /* Assets.xcassets */,
				B277661B1DA5492C0022F69E /* LaunchScreen.storyboard */,
				B277661E1DA5492C0022F69E /* Info.plist */,
				B277660D1DA5492C0022F69E /* Supporting Files */,
			);
			path = tableview;
			sourceTree = "<group>";
		};
		B277660D1DA5492C0022F69E /* Supporting Files */ = {
			isa = PBXGroup;
			children = (
				B277660E1DA5492C0022F69E /* main.m */,
			);
			name = "Supporting Files";
			sourceTree = "<group>";
		};
/* End PBXGroup section */

/* Begin PBXNativeTarget section */
		B27766091DA5492C0022F69E /* tableview */ = {
			isa = PBXNativeTarget;
			buildConfigurationList = B27766211DA5492C0022F69E /* Build configuration list for PBXNativeTarget "tableview" */;
			buildPhases = (
				B27766061DA5492C0022F69E /* Sources */,
				B27766071DA5492C0022F69E /* Frameworks */,
				B27766081DA5492C0022F69E /* Resources */,
			);
			buildRules = (
			);
			dependencies = (
			);
			name = tableview;
			productName = tableview;
			productReference = B277660A1DA5492C0022F69E /* tableview.app */;
			productType = "com.apple.product-type.application";
		};
/* End PBXNativeTarget section */

/* Begin PBXProject section */
		B27766021DA5492C0022F69E /* Project object */ = {
			isa = PBXProject;
			attributes = {
				LastUpgradeCheck = 0800;
				ORGANIZATIONNAME = "Will Garner";
				TargetAttributes = {
					B27766091DA5492C0022F69E = {
						CreatedOnToolsVersion = 8.0;
						ProvisioningStyle = Automatic;
					};
				};
			};
			buildConfigurationList = B27766051DA5492C0022F69E /* Build configuration list for PBXProject "tableview" */;
			compatibilityVersion = "Xcode 3.2";
			developmentRegion = English;
			hasScannedForEncodings = 0;
			knownRegions = (
				en,
				Base,
			);
			mainGroup = B27766011DA5492C0022F69E;
			productRefGroup = B277660B1DA5492C0022F69E /* Products */;
			projectDirPath = "";
			projectRoot = "";
			targets = (
				B27766091DA5492C0022F69E /* tableview */,
			);
		};
/* End PBXProject section */

/* Begin PBXResourcesBuildPhase section */
		B27766081DA5492C0022F69E /* Resources */ = {
			isa = PBXResourcesBuildPhase;
			buildActionMask = 2147483647;
			files = (
				B277661D1DA5492C0022F69E /* LaunchScreen.storyboard in Resources */,
				B277661A1DA5492C0022F69E /* Assets.xcassets in Resources */,
				B27766181DA5492C0022F69E /* Main.storyboard in Resources */,
			);
			runOnlyForDeploymentPostprocessing = 0;
		};
/* End PBXResourcesBuildPhase section */

/* Begin PBXSourcesBuildPhase section */
		B27766061DA5492C0022F69E /* Sources */ = {
			isa = PBXSourcesBuildPhase;
			buildActionMask = 2147483647;
			files = (
				B27766311DA6B2130022F69E /* SwitchView.m in Sources */,
				B277662E1DA57B800022F69E /* task.m in Sources */,
				B277662B1DA576500022F69E /* TasksTableViewController.m in Sources */,
				B27766121DA5492C0022F69E /* AppDelegate.m in Sources */,
				B277660F1DA5492C0022F69E /* main.m in Sources */,
			);
			runOnlyForDeploymentPostprocessing = 0;
		};
/* End PBXSourcesBuildPhase section */

/* Begin PBXVariantGroup section */
		B27766161DA5492C0022F69E /* Main.storyboard */ = {
			isa = PBXVariantGroup;
			children = (
				B27766171DA5492C0022F69E /* Base */,
			);
			name = Main.storyboard;
			sourceTree = "<group>";
		};
		B277661B1DA5492C0022F69E /* LaunchScreen.storyboard */ = {
			isa = PBXVariantGroup;
			children = (
				B277661C1DA5492C0022F69E /* Base */,
			);
			name = LaunchScreen.storyboard;
			sourceTree = "<group>";
		};
/* End PBXVariantGroup section */

/* Begin XCBuildConfiguration section */
		B277661F1DA5492C0022F69E /* Debug */ = {
			isa = XCBuildConfiguration;
			buildSettings = {
				ALWAYS_SEARCH_USER_PATHS = NO;
				CLANG_ANALYZER_NONNULL = YES;
				CLANG_CXX_LANGUAGE_STANDARD = "gnu++0x";
				CLANG_CXX_LIBRARY = "libc++";
				CLANG_ENABLE_MODULES = YES;
				CLANG_ENABLE_OBJC_ARC = YES;
				CLANG_WARN_BOOL_CONVERSION = YES;
				CLANG_WARN_CONSTANT_CONVERSION = YES;
				CLANG_WARN_DIRECT_OBJC_ISA_USAGE = YES_ERROR;
				CLANG_WARN_DOCUMENTATION_COMMENTS = YES;
				CLANG_WARN_EMPTY_BODY = YES;
				CLANG_WARN_ENUM_CONVERSION = YES;
				CLANG_WARN_INFINITE_RECURSION = YES;
				CLANG_WARN_INT_CONVERSION = YES;
				CLANG_WARN_OBJC_ROOT_CLASS = YES_ERROR;
				CLANG_WARN_SUSPICIOUS_MOVES = YES;
				CLANG_WARN_UNREACHABLE_CODE = YES;
				CLANG_WARN__DUPLICATE_METHOD_MATCH = YES;
				"CODE_SIGN_IDENTITY[sdk=iphoneos*]" = "iPhone Developer";
				COPY_PHASE_STRIP = NO;
				DEBUG_INFORMATION_FORMAT = dwarf;
				ENABLE_STRICT_OBJC_MSGSEND = YES;
				ENABLE_TESTABILITY = YES;
				GCC_C_LANGUAGE_STANDARD = gnu99;
				GCC_DYNAMIC_NO_PIC = NO;
				GCC_NO_COMMON_BLOCKS = YES;
				GCC_OPTIMIZATION_LEVEL = 0;
				GCC_PREPROCESSOR_DEFINITIONS = (
					"DEBUG=1",
					"$(inherited)",
				);
				GCC_WARN_64_TO_32_BIT_CONVERSION = YES;
				GCC_WARN_ABOUT_RETURN_TYPE = YES_ERROR;
				GCC_WARN_UNDECLARED_SELECTOR = YES;
				GCC_WARN_UNINITIALIZED_AUTOS = YES_AGGRESSIVE;
				GCC_WARN_UNUSED_FUNCTION = YES;
				GCC_WARN_UNUSED_VARIABLE = YES;
				IPHONEOS_DEPLOYMENT_TARGET = 10.0;
				MTL_ENABLE_DEBUG_INFO = YES;
				ONLY_ACTIVE_ARCH = YES;
				SDKROOT = iphoneos;
				TARGETED_DEVICE_FAMILY = "1,2";
			};
			name = Debug;
		};
		B27766201DA5492C0022F69E /* Release */ = {
			isa = XCBuildConfiguration;
			buildSettings = {
				ALWAYS_SEARCH_USER_PATHS = NO;
				CLANG_ANALYZER_NONNULL = YES;
				CLANG_CXX_LANGUAGE_STANDARD = "gnu++0x";
				CLANG_CXX_LIBRARY = "libc++";
				CLANG_ENABLE_MODULES = YES;
				CLANG_ENABLE_OBJC_ARC = YES;
				CLANG_WARN_BOOL_CONVERSION = YES;
				CLANG_WARN_CONSTANT_CONVERSION = YES;
				CLANG_WARN_DIRECT_OBJC_ISA_USAGE = YES_ERROR;
				CLANG_WARN_DOCUMENTATION_COMMENTS = YES;
				CLANG_WARN_EMPTY_BODY = YES;
				CLANG_WARN_ENUM_CONVERSION = YES;
				CLANG_WARN_INFINITE_RECURSION = YES;
				CLANG_WARN_INT_CONVERSION = YES;
				CLANG_WARN_OBJC_ROOT_CLASS = YES_ERROR;
				CLANG_WARN_SUSPICIOUS_MOVES = YES;
				CLANG_WARN_UNREACHABLE_CODE = YES;
				CLANG_WARN__DUPLICATE_METHOD_MATCH = YES;
				"CODE_SIGN_IDENTITY[sdk=iphoneos*]" = "iPhone Developer";
				COPY_PHASE_STRIP = NO;
				DEBUG_INFORMATION_FORMAT = "dwarf-with-dsym";
				ENABLE_NS_ASSERTIONS = NO;
				ENABLE_STRICT_OBJC_MSGSEND = YES;
				GCC_C_LANGUAGE_STANDARD = gnu99;
				GCC_NO_COMMON_BLOCKS = YES;
				GCC_WARN_64_TO_32_BIT_CONVERSION = YES;
				GCC_WARN_ABOUT_RETURN_TYPE = YES_ERROR;
				GCC_WARN_UNDECLARED_SELECTOR = YES;
				GCC_WARN_UNINITIALIZED_AUTOS = YES_AGGRESSIVE;
				GCC_WARN_UNUSED_FUNCTION = YES;
				GCC_WARN_UNUSED_VARIABLE = YES;
				IPHONEOS_DEPLOYMENT_TARGET = 10.0;
				MTL_ENABLE_DEBUG_INFO = NO;
				SDKROOT = iphoneos;
				TARGETED_DEVICE_FAMILY = "1,2";
				VALIDATE_PRODUCT = YES;
			};
			name = Release;
		};
		B27766221DA5492C0022F69E /* Debug */ = {
			isa = XCBuildConfiguration;
			buildSettings = {
				ASSETCATALOG_COMPILER_APPICON_NAME = AppIcon;
				INFOPLIST_FILE = tableview/Info.plist;
				LD_RUNPATH_SEARCH_PATHS = "$(inherited) @executable_path/Frameworks";
				PRODUCT_BUNDLE_IDENTIFIER = com.antigravitystudios.tableview;
				PRODUCT_NAME = "$(TARGET_NAME)";
			};
			name = Debug;
		};
		B27766231DA5492C0022F69E /* Release */ = {
			isa = XCBuildConfiguration;
			buildSettings = {
				ASSETCATALOG_COMPILER_APPICON_NAME = AppIcon;
				INFOPLIST_FILE = tableview/Info.plist;
				LD_RUNPATH_SEARCH_PATHS = "$(inherited) @executable_path/Frameworks";
				PRODUCT_BUNDLE_IDENTIFIER = com.antigravitystudios.tableview;
				PRODUCT_NAME = "$(TARGET_NAME)";
			};
			name = Release;
		};
/* End XCBuildConfiguration section */

/* Begin XCConfigurationList section */
		B27766051DA5492C0022F69E /* Build configuration list for PBXProject "tableview" */ = {
			isa = XCConfigurationList;
			buildConfigurations = (
				B277661F1DA5492C0022F69E /* Debug */,
				B27766201DA5492C0022F69E /* Release */,
			);
			defaultConfigurationIsVisible = 0;
			defaultConfigurationName = Release;
		};
		B27766211DA5492C0022F69E /* Build configuration list for PBXNativeTarget "tableview" */ = {
			isa = XCConfigurationList;
			buildConfigurations = (
				B27766221DA5492C0022F69E /* Debug */,
				B27766231DA5492C0022F69E /* Release */,
			);
			defaultConfigurationIsVisible = 0;
		};
/* End XCConfigurationList section */
	};
	rootObject = B27766021DA5492C0022F69E /* Project object */;
}
